
Microsoft Visual Studio Solution File, Format Version 12.00
# Visual Studio Version 17
VisualStudioVersion = 17.10.35027.167
MinimumVisualStudioVersion = 10.0.40219.1
Project("{FAE04EC0-301F-11D3-BF4B-00C04F79EFBC}") = "CSGO_LC", "test\CSGO_LC.csproj", "{553CD292-9688-4BD3-94E5-E785DB55D475}"
EndProject
Global
	GlobalSection(SolutionConfigurationPlatforms) = preSolution
		Debug|Any CPU = Debug|Any CPU
		Release|Any CPU = Release|Any CPU
	EndGlobalSection
	GlobalSection(ProjectConfigurationPlatforms) = postSolution
		{553CD292-9688-4BD3-94E5-E785DB55D475}.Debug|Any CPU.ActiveCfg = Debug|Any CPU
		{553CD292-9688-4BD3-94E5-E785DB55D475}.Debug|Any CPU.Build.0 = Debug|Any CPU
		{553CD292-9688-4BD3-94E5-E785DB55D475}.Release|Any CPU.ActiveCfg = Release|Any CPU
		{553CD292-9688-4BD3-94E5-E785DB55D475}.Release|Any CPU.Build.0 = Release|Any CPU
	EndGlobalSection
	GlobalSection(SolutionProperties) = preSolution
		HideSolutionNode = FALSE
	EndGlobalSection
	GlobalSection(ExtensibilityGlobals) = postSolution
		SolutionGuid = {82BD1E51-EF5E-440D-B117-116243B5E072}
	EndGlobalSection
EndGlobal
